
Microsoft Visual Studio Solution File, Format Version 12.00
# Visual Studio 15
VisualStudioVersion = 15.0.27703.1
MinimumVisualStudioVersion = 10.0.40219.1
Project("{9A19103F-16F7-4668-BE54-9A1E7A4F7556}") = "BugChang.DES.Web.Mvc", "BugChang.DES.Web.Mvc\BugChang.DES.Web.Mvc.csproj", "{1B0F4223-BE64-4A17-884C-075506453F0F}"
EndProject
Project("{9A19103F-16F7-4668-BE54-9A1E7A4F7556}") = "BugChang.DES.Application", "BugChang.DES.Application\BugChang.DES.Application.csproj", "{DD59A152-09B6-4F13-BCA6-7E52BCD62BF6}"
EndProject
Project("{9A19103F-16F7-4668-BE54-9A1E7A4F7556}") = "BugChang.DES.EntityFrameWorkCore", "BugChang.DES.EntityFrameWorkCore\BugChang.DES.EntityFrameWorkCore.csproj", "{A193EE57-44AD-492B-9F18-A37F40984C54}"
EndProject
Project("{9A19103F-16F7-4668-BE54-9A1E7A4F7556}") = "BugChang.DES.Domain", "BugChang.DES.Domain\BugChang.DES.Domain.csproj", "{C417AE4D-DDCC-41C4-B3CB-CBF886658EFA}"
EndProject
Project("{FAE04EC0-301F-11D3-BF4B-00C04F79EFBC}") = "BugChang.DES.Infrastructure", "BugChang.DES.Infrastructure\BugChang.DES.Infrastructure.csproj", "{2499AD78-385A-4E3F-A1E1-46AFC24D9594}"
EndProject
Global
	GlobalSection(SolutionConfigurationPlatforms) = preSolution
		Debug|Any CPU = Debug|Any CPU
		Release|Any CPU = Release|Any CPU
	EndGlobalSection
	GlobalSection(ProjectConfigurationPlatforms) = postSolution
		{1B0F4223-BE64-4A17-884C-075506453F0F}.Debug|Any CPU.ActiveCfg = Debug|Any CPU
		{1B0F4223-BE64-4A17-884C-075506453F0F}.Debug|Any CPU.Build.0 = Debug|Any CPU
		{1B0F4223-BE64-4A17-884C-075506453F0F}.Release|Any CPU.ActiveCfg = Release|Any CPU
		{1B0F4223-BE64-4A17-884C-075506453F0F}.Release|Any CPU.Build.0 = Release|Any CPU
		{DD59A152-09B6-4F13-BCA6-7E52BCD62BF6}.Debug|Any CPU.ActiveCfg = Debug|Any CPU
		{DD59A152-09B6-4F13-BCA6-7E52BCD62BF6}.Debug|Any CPU.Build.0 = Debug|Any CPU
		{DD59A152-09B6-4F13-BCA6-7E52BCD62BF6}.Release|Any CPU.ActiveCfg = Release|Any CPU
		{DD59A152-09B6-4F13-BCA6-7E52BCD62BF6}.Release|Any CPU.Build.0 = Release|Any CPU
		{A193EE57-44AD-492B-9F18-A37F40984C54}.Debug|Any CPU.ActiveCfg = Debug|Any CPU
		{A193EE57-44AD-492B-9F18-A37F40984C54}.Debug|Any CPU.Build.0 = Debug|Any CPU
		{A193EE57-44AD-492B-9F18-A37F40984C54}.Release|Any CPU.ActiveCfg = Release|Any CPU
		{A193EE57-44AD-492B-9F18-A37F40984C54}.Release|Any CPU.Build.0 = Release|Any CPU
		{C417AE4D-DDCC-41C4-B3CB-CBF886658EFA}.Debug|Any CPU.ActiveCfg = Debug|Any CPU
		{C417AE4D-DDCC-41C4-B3CB-CBF886658EFA}.Debug|Any CPU.Build.0 = Debug|Any CPU
		{C417AE4D-DDCC-41C4-B3CB-CBF886658EFA}.Release|Any CPU.ActiveCfg = Release|Any CPU
		{C417AE4D-DDCC-41C4-B3CB-CBF886658EFA}.Release|Any CPU.Build.0 = Release|Any CPU
		{2499AD78-385A-4E3F-A1E1-46AFC24D9594}.Debug|Any CPU.ActiveCfg = Debug|Any CPU
		{2499AD78-385A-4E3F-A1E1-46AFC24D9594}.Debug|Any CPU.Build.0 = Debug|Any CPU
		{2499AD78-385A-4E3F-A1E1-46AFC24D9594}.Release|Any CPU.ActiveCfg = Release|Any CPU
		{2499AD78-385A-4E3F-A1E1-46AFC24D9594}.Release|Any CPU.Build.0 = Release|Any CPU
	EndGlobalSection
	GlobalSection(SolutionProperties) = preSolution
		HideSolutionNode = FALSE
	EndGlobalSection
	GlobalSection(ExtensibilityGlobals) = postSolution
		SolutionGuid = {AC115B29-2334-41EB-85AC-63B51167459D}
	EndGlobalSection
EndGlobal
